
Microsoft Visual Studio Solution File, Format Version 12.00
# Visual Studio Version 17
VisualStudioVersion = 17.4.33122.133
MinimumVisualStudioVersion = 10.0.40219.1
Project("{FAE04EC0-301F-11D3-BF4B-00C04F79EFBC}") = "GestionMecanico", "GestionMecanico.csproj", "{7B21D99F-19EA-470E-843C-81CD492043ED}"
EndProject
Global
	GlobalSection(SolutionConfigurationPlatforms) = preSolution
		Debug|Any CPU = Debug|Any CPU
		Release|Any CPU = Release|Any CPU
	EndGlobalSection
	GlobalSection(ProjectConfigurationPlatforms) = postSolution
		{7B21D99F-19EA-470E-843C-81CD492043ED}.Debug|Any CPU.ActiveCfg = Debug|Any CPU
		{7B21D99F-19EA-470E-843C-81CD492043ED}.Debug|Any CPU.Build.0 = Debug|Any CPU
		{7B21D99F-19EA-470E-843C-81CD492043ED}.Release|Any CPU.ActiveCfg = Release|Any CPU
		{7B21D99F-19EA-470E-843C-81CD492043ED}.Release|Any CPU.Build.0 = Release|Any CPU
	EndGlobalSection
	GlobalSection(SolutionProperties) = preSolution
		HideSolutionNode = FALSE
	EndGlobalSection
	GlobalSection(ExtensibilityGlobals) = postSolution
		SolutionGuid = {204D92FA-06C3-46A4-98D0-65F7A1708045}
	EndGlobalSection
EndGlobal
